// !$*UTF8*$!
{
	archiveVersion = 1;
	classes = {
	};
	objectVersion = 50;
	objects = {

/* Begin PBXBuildFile section */
		00804B8F72197DFD1DA2834D /* Pods_property_finder.framework in Frameworks */ = {isa = PBXBuildFile; fileRef = 49A1FEB4152CE4CA81997593 /* Pods_property_finder.framework */; };
		D88DDD02EBF1AFEC6EC202BC /* Pods_property_finderTests.framework in Frameworks */ = {isa = PBXBuildFile; fileRef = 4CBA4FAD4F68DD5B383822FB /* Pods_property_finderTests.framework */; };
		F3AEE1212252318A0050E441 /* SortViewController.swift in Sources */ = {isa = PBXBuildFile; fileRef = F3AEE1202252318A0050E441 /* SortViewController.swift */; };
		F3EA45A82251E5250080438E /* AppDelegate.swift in Sources */ = {isa = PBXBuildFile; fileRef = F3EA45A72251E5250080438E /* AppDelegate.swift */; };
		F3EA45AA2251E5250080438E /* ViewController.swift in Sources */ = {isa = PBXBuildFile; fileRef = F3EA45A92251E5250080438E /* ViewController.swift */; };
		F3EA45AD2251E5250080438E /* Main.storyboard in Resources */ = {isa = PBXBuildFile; fileRef = F3EA45AB2251E5250080438E /* Main.storyboard */; };
		F3EA45AF2251E5270080438E /* Assets.xcassets in Resources */ = {isa = PBXBuildFile; fileRef = F3EA45AE2251E5270080438E /* Assets.xcassets */; };
		F3EA45B22251E5270080438E /* LaunchScreen.storyboard in Resources */ = {isa = PBXBuildFile; fileRef = F3EA45B02251E5270080438E /* LaunchScreen.storyboard */; };
		F3EA45BD2251E5270080438E /* APIClientTests.swift in Sources */ = {isa = PBXBuildFile; fileRef = F3EA45BC2251E5270080438E /* APIClientTests.swift */; };
		F3EA45CA2251F0870080438E /* APIClient.swift in Sources */ = {isa = PBXBuildFile; fileRef = F3EA45C92251F0870080438E /* APIClient.swift */; };
		F3EA45CC225201100080438E /* SearchResponse.swift in Sources */ = {isa = PBXBuildFile; fileRef = F3EA45CB225201100080438E /* SearchResponse.swift */; };
		F3EA45CE225201450080438E /* Property.swift in Sources */ = {isa = PBXBuildFile; fileRef = F3EA45CD225201450080438E /* Property.swift */; };
		F3EA45D022520D520080438E /* PropertySectionController.swift in Sources */ = {isa = PBXBuildFile; fileRef = F3EA45CF22520D520080438E /* PropertySectionController.swift */; };
		F3EA45D222520D940080438E /* PropertyCell.swift in Sources */ = {isa = PBXBuildFile; fileRef = F3EA45D122520D940080438E /* PropertyCell.swift */; };
		F3EA45D422520FA90080438E /* SearchClient.swift in Sources */ = {isa = PBXBuildFile; fileRef = F3EA45D322520FA90080438E /* SearchClient.swift */; };
		F3EA45D6225219010080438E /* PropertyCell.xib in Resources */ = {isa = PBXBuildFile; fileRef = F3EA45D5225219010080438E /* PropertyCell.xib */; };
/* End PBXBuildFile section */

/* Begin PBXContainerItemProxy section */
		F3EA45B92251E5270080438E /* PBXContainerItemProxy */ = {
			isa = PBXContainerItemProxy;
			containerPortal = F3EA459C2251E5250080438E /* Project object */;
			proxyType = 1;
			remoteGlobalIDString = F3EA45A32251E5250080438E;
			remoteInfo = "property-finder";
		};
/* End PBXContainerItemProxy section */

/* Begin PBXFileReference section */
		004BA210583A80CDC2DCAAFF /* Pods-property-finderTests.release.xcconfig */ = {isa = PBXFileReference; includeInIndex = 1; lastKnownFileType = text.xcconfig; name = "Pods-property-finderTests.release.xcconfig"; path = "Target Support Files/Pods-property-finderTests/Pods-property-finderTests.release.xcconfig"; sourceTree = "<group>"; };
		1F8173C68531C2170AC89A27 /* Pods-property-finder.release.xcconfig */ = {isa = PBXFileReference; includeInIndex = 1; lastKnownFileType = text.xcconfig; name = "Pods-property-finder.release.xcconfig"; path = "Target Support Files/Pods-property-finder/Pods-property-finder.release.xcconfig"; sourceTree = "<group>"; };
		49A1FEB4152CE4CA81997593 /* Pods_property_finder.framework */ = {isa = PBXFileReference; explicitFileType = wrapper.framework; includeInIndex = 0; path = Pods_property_finder.framework; sourceTree = BUILT_PRODUCTS_DIR; };
		4CBA4FAD4F68DD5B383822FB /* Pods_property_finderTests.framework */ = {isa = PBXFileReference; explicitFileType = wrapper.framework; includeInIndex = 0; path = Pods_property_finderTests.framework; sourceTree = BUILT_PRODUCTS_DIR; };
		AFD6785669CC55A0E6439319 /* Pods-property-finder.debug.xcconfig */ = {isa = PBXFileReference; includeInIndex = 1; lastKnownFileType = text.xcconfig; name = "Pods-property-finder.debug.xcconfig"; path = "Target Support Files/Pods-property-finder/Pods-property-finder.debug.xcconfig"; sourceTree = "<group>"; };
		DE3FB6E840F77BE2C9DFD66E /* Pods-property-finderTests.debug.xcconfig */ = {isa = PBXFileReference; includeInIndex = 1; lastKnownFileType = text.xcconfig; name = "Pods-property-finderTests.debug.xcconfig"; path = "Target Support Files/Pods-property-finderTests/Pods-property-finderTests.debug.xcconfig"; sourceTree = "<group>"; };
		F3AEE1202252318A0050E441 /* SortViewController.swift */ = {isa = PBXFileReference; lastKnownFileType = sourcecode.swift; path = SortViewController.swift; sourceTree = "<group>"; };
		F3EA45A42251E5250080438E /* property-finder.app */ = {isa = PBXFileReference; explicitFileType = wrapper.application; includeInIndex = 0; path = "property-finder.app"; sourceTree = BUILT_PRODUCTS_DIR; };
		F3EA45A72251E5250080438E /* AppDelegate.swift */ = {isa = PBXFileReference; lastKnownFileType = sourcecode.swift; path = AppDelegate.swift; sourceTree = "<group>"; };
		F3EA45A92251E5250080438E /* ViewController.swift */ = {isa = PBXFileReference; lastKnownFileType = sourcecode.swift; path = ViewController.swift; sourceTree = "<group>"; };
		F3EA45AC2251E5250080438E /* Base */ = {isa = PBXFileReference; lastKnownFileType = file.storyboard; name = Base; path = Base.lproj/Main.storyboard; sourceTree = "<group>"; };
		F3EA45AE2251E5270080438E /* Assets.xcassets */ = {isa = PBXFileReference; lastKnownFileType = folder.assetcatalog; path = Assets.xcassets; sourceTree = "<group>"; };
		F3EA45B12251E5270080438E /* Base */ = {isa = PBXFileReference; lastKnownFileType = file.storyboard; name = Base; path = Base.lproj/LaunchScreen.storyboard; sourceTree = "<group>"; };
		F3EA45B32251E5270080438E /* Info.plist */ = {isa = PBXFileReference; lastKnownFileType = text.plist.xml; path = Info.plist; sourceTree = "<group>"; };
		F3EA45B82251E5270080438E /* property-finderTests.xctest */ = {isa = PBXFileReference; explicitFileType = wrapper.cfbundle; includeInIndex = 0; path = "property-finderTests.xctest"; sourceTree = BUILT_PRODUCTS_DIR; };
		F3EA45BC2251E5270080438E /* APIClientTests.swift */ = {isa = PBXFileReference; lastKnownFileType = sourcecode.swift; path = APIClientTests.swift; sourceTree = "<group>"; };
		F3EA45BE2251E5270080438E /* Info.plist */ = {isa = PBXFileReference; lastKnownFileType = text.plist.xml; path = Info.plist; sourceTree = "<group>"; };
		F3EA45C92251F0870080438E /* APIClient.swift */ = {isa = PBXFileReference; lastKnownFileType = sourcecode.swift; path = APIClient.swift; sourceTree = "<group>"; };
		F3EA45CB225201100080438E /* SearchResponse.swift */ = {isa = PBXFileReference; lastKnownFileType = sourcecode.swift; path = SearchResponse.swift; sourceTree = "<group>"; };
		F3EA45CD225201450080438E /* Property.swift */ = {isa = PBXFileReference; lastKnownFileType = sourcecode.swift; path = Property.swift; sourceTree = "<group>"; };
		F3EA45CF22520D520080438E /* PropertySectionController.swift */ = {isa = PBXFileReference; lastKnownFileType = sourcecode.swift; path = PropertySectionController.swift; sourceTree = "<group>"; };
		F3EA45D122520D940080438E /* PropertyCell.swift */ = {isa = PBXFileReference; lastKnownFileType = sourcecode.swift; path = PropertyCell.swift; sourceTree = "<group>"; };
		F3EA45D322520FA90080438E /* SearchClient.swift */ = {isa = PBXFileReference; lastKnownFileType = sourcecode.swift; path = SearchClient.swift; sourceTree = "<group>"; };
		F3EA45D5225219010080438E /* PropertyCell.xib */ = {isa = PBXFileReference; lastKnownFileType = file.xib; path = PropertyCell.xib; sourceTree = "<group>"; };
/* End PBXFileReference section */

/* Begin PBXFrameworksBuildPhase section */
		F3EA45A12251E5250080438E /* Frameworks */ = {
			isa = PBXFrameworksBuildPhase;
			buildActionMask = 2147483647;
			files = (
				00804B8F72197DFD1DA2834D /* Pods_property_finder.framework in Frameworks */,
			);
			runOnlyForDeploymentPostprocessing = 0;
		};
		F3EA45B52251E5270080438E /* Frameworks */ = {
			isa = PBXFrameworksBuildPhase;
			buildActionMask = 2147483647;
			files = (
				D88DDD02EBF1AFEC6EC202BC /* Pods_property_finderTests.framework in Frameworks */,
			);
			runOnlyForDeploymentPostprocessing = 0;
		};
/* End PBXFrameworksBuildPhase section */

/* Begin PBXGroup section */
		7F6C9750F2884B47C634E444 /* Pods */ = {
			isa = PBXGroup;
			children = (
				AFD6785669CC55A0E6439319 /* Pods-property-finder.debug.xcconfig */,
				1F8173C68531C2170AC89A27 /* Pods-property-finder.release.xcconfig */,
				DE3FB6E840F77BE2C9DFD66E /* Pods-property-finderTests.debug.xcconfig */,
				004BA210583A80CDC2DCAAFF /* Pods-property-finderTests.release.xcconfig */,
			);
			path = Pods;
			sourceTree = "<group>";
		};
		8E1EC585B448E3B7A604FE59 /* Frameworks */ = {
			isa = PBXGroup;
			children = (
				49A1FEB4152CE4CA81997593 /* Pods_property_finder.framework */,
				4CBA4FAD4F68DD5B383822FB /* Pods_property_finderTests.framework */,
			);
			name = Frameworks;
			sourceTree = "<group>";
		};
		F3AEE12222523E780050E441 /* ViewControllers */ = {
			isa = PBXGroup;
			children = (
				F3EA45A92251E5250080438E /* ViewController.swift */,
				F3AEE1202252318A0050E441 /* SortViewController.swift */,
			);
			path = ViewControllers;
			sourceTree = "<group>";
		};
		F3AEE12322523E910050E441 /* Networking */ = {
			isa = PBXGroup;
			children = (
				F3EA45C92251F0870080438E /* APIClient.swift */,
				F3EA45D322520FA90080438E /* SearchClient.swift */,
			);
			path = Networking;
			sourceTree = "<group>";
		};
		F3AEE12422523EAB0050E441 /* Cells */ = {
			isa = PBXGroup;
			children = (
				F3EA45D122520D940080438E /* PropertyCell.swift */,
				F3EA45D5225219010080438E /* PropertyCell.xib */,
			);
			path = Cells;
			sourceTree = "<group>";
		};
		F3AEE12522523EC80050E441 /* Models */ = {
			isa = PBXGroup;
			children = (
				F3EA45CD225201450080438E /* Property.swift */,
				F3EA45CB225201100080438E /* SearchResponse.swift */,
			);
			path = Models;
			sourceTree = "<group>";
		};
		F3AEE12622523EE70050E441 /* Controllers */ = {
			isa = PBXGroup;
			children = (
				F3EA45CF22520D520080438E /* PropertySectionController.swift */,
			);
			path = Controllers;
			sourceTree = "<group>";
		};
		F3AEE12722523F250050E441 /* Storyboards */ = {
			isa = PBXGroup;
			children = (
				F3EA45AB2251E5250080438E /* Main.storyboard */,
				F3EA45B02251E5270080438E /* LaunchScreen.storyboard */,
			);
			path = Storyboards;
			sourceTree = "<group>";
		};
		F3EA459B2251E5250080438E = {
			isa = PBXGroup;
			children = (
				F3EA45A62251E5250080438E /* property-finder */,
				F3EA45BB2251E5270080438E /* property-finderTests */,
				F3EA45A52251E5250080438E /* Products */,
				7F6C9750F2884B47C634E444 /* Pods */,
				8E1EC585B448E3B7A604FE59 /* Frameworks */,
			);
			sourceTree = "<group>";
		};
		F3EA45A52251E5250080438E /* Products */ = {
			isa = PBXGroup;
			children = (
				F3EA45A42251E5250080438E /* property-finder.app */,
				F3EA45B82251E5270080438E /* property-finderTests.xctest */,
			);
			name = Products;
			sourceTree = "<group>";
		};
		F3EA45A62251E5250080438E /* property-finder */ = {
			isa = PBXGroup;
			children = (
				F3EA45A72251E5250080438E /* AppDelegate.swift */,
				F3EA45AE2251E5270080438E /* Assets.xcassets */,
				F3EA45B32251E5270080438E /* Info.plist */,
				F3AEE12522523EC80050E441 /* Models */,
				F3AEE12222523E780050E441 /* ViewControllers */,
				F3AEE12622523EE70050E441 /* Controllers */,
				F3AEE12422523EAB0050E441 /* Cells */,
				F3AEE12322523E910050E441 /* Networking */,
				F3AEE12722523F250050E441 /* Storyboards */,
			);
			path = "property-finder";
			sourceTree = "<group>";
		};
		F3EA45BB2251E5270080438E /* property-finderTests */ = {
			isa = PBXGroup;
			children = (
				F3EA45BC2251E5270080438E /* APIClientTests.swift */,
				F3EA45BE2251E5270080438E /* Info.plist */,
			);
			path = "property-finderTests";
			sourceTree = "<group>";
		};
/* End PBXGroup section */

/* Begin PBXNativeTarget section */
		F3EA45A32251E5250080438E /* property-finder */ = {
			isa = PBXNativeTarget;
			buildConfigurationList = F3EA45C12251E5270080438E /* Build configuration list for PBXNativeTarget "property-finder" */;
			buildPhases = (
				A6D5C2BF192DE172303D5625 /* [CP] Check Pods Manifest.lock */,
				F3EA45A02251E5250080438E /* Sources */,
				F3EA45A12251E5250080438E /* Frameworks */,
				F3EA45A22251E5250080438E /* Resources */,
				30B634946FB33CBA5863B8E2 /* [CP] Embed Pods Frameworks */,
			);
			buildRules = (
			);
			dependencies = (
			);
			name = "property-finder";
			productName = "property-finder";
			productReference = F3EA45A42251E5250080438E /* property-finder.app */;
			productType = "com.apple.product-type.application";
		};
		F3EA45B72251E5270080438E /* property-finderTests */ = {
			isa = PBXNativeTarget;
			buildConfigurationList = F3EA45C42251E5270080438E /* Build configuration list for PBXNativeTarget "property-finderTests" */;
			buildPhases = (
				C8C6E4DDB83C1565FBF6D192 /* [CP] Check Pods Manifest.lock */,
				F3EA45B42251E5270080438E /* Sources */,
				F3EA45B52251E5270080438E /* Frameworks */,
				F3EA45B62251E5270080438E /* Resources */,
			);
			buildRules = (
			);
			dependencies = (
				F3EA45BA2251E5270080438E /* PBXTargetDependency */,
			);
			name = "property-finderTests";
			productName = "property-finderTests";
			productReference = F3EA45B82251E5270080438E /* property-finderTests.xctest */;
			productType = "com.apple.product-type.bundle.unit-test";
		};
/* End PBXNativeTarget section */

/* Begin PBXProject section */
		F3EA459C2251E5250080438E /* Project object */ = {
			isa = PBXProject;
			attributes = {
				LastSwiftUpdateCheck = 1020;
				LastUpgradeCheck = 1020;
				ORGANIZATIONNAME = "Property Finder";
				TargetAttributes = {
					F3EA45A32251E5250080438E = {
						CreatedOnToolsVersion = 10.2;
					};
					F3EA45B72251E5270080438E = {
						CreatedOnToolsVersion = 10.2;
						TestTargetID = F3EA45A32251E5250080438E;
					};
				};
			};
			buildConfigurationList = F3EA459F2251E5250080438E /* Build configuration list for PBXProject "property-finder" */;
			compatibilityVersion = "Xcode 9.3";
			developmentRegion = en;
			hasScannedForEncodings = 0;
			knownRegions = (
				en,
				Base,
			);
			mainGroup = F3EA459B2251E5250080438E;
			productRefGroup = F3EA45A52251E5250080438E /* Products */;
			projectDirPath = "";
			projectRoot = "";
			targets = (
				F3EA45A32251E5250080438E /* property-finder */,
				F3EA45B72251E5270080438E /* property-finderTests */,
			);
		};
/* End PBXProject section */

/* Begin PBXResourcesBuildPhase section */
		F3EA45A22251E5250080438E /* Resources */ = {
			isa = PBXResourcesBuildPhase;
			buildActionMask = 2147483647;
			files = (
				F3EA45B22251E5270080438E /* LaunchScreen.storyboard in Resources */,
				F3EA45AF2251E5270080438E /* Assets.xcassets in Resources */,
				F3EA45D6225219010080438E /* PropertyCell.xib in Resources */,
				F3EA45AD2251E5250080438E /* Main.storyboard in Resources */,
			);
			runOnlyForDeploymentPostprocessing = 0;
		};
		F3EA45B62251E5270080438E /* Resources */ = {
			isa = PBXResourcesBuildPhase;
			buildActionMask = 2147483647;
			files = (
			);
			runOnlyForDeploymentPostprocessing = 0;
		};
/* End PBXResourcesBuildPhase section */

/* Begin PBXShellScriptBuildPhase section */
		30B634946FB33CBA5863B8E2 /* [CP] Embed Pods Frameworks */ = {
			isa = PBXShellScriptBuildPhase;
			buildActionMask = 2147483647;
			files = (
			);
			inputFileListPaths = (
			);
			inputPaths = (
				"${PODS_ROOT}/Target Support Files/Pods-property-finder/Pods-property-finder-frameworks.sh",
				"${BUILT_PRODUCTS_DIR}/Alamofire/Alamofire.framework",
				"${BUILT_PRODUCTS_DIR}/AlamofireImage/AlamofireImage.framework",
				"${BUILT_PRODUCTS_DIR}/IGListKit/IGListKit.framework",
			);
			name = "[CP] Embed Pods Frameworks";
			outputFileListPaths = (
			);
			outputPaths = (
				"${TARGET_BUILD_DIR}/${FRAMEWORKS_FOLDER_PATH}/Alamofire.framework",
				"${TARGET_BUILD_DIR}/${FRAMEWORKS_FOLDER_PATH}/AlamofireImage.framework",
				"${TARGET_BUILD_DIR}/${FRAMEWORKS_FOLDER_PATH}/IGListKit.framework",
			);
			runOnlyForDeploymentPostprocessing = 0;
			shellPath = /bin/sh;
			shellScript = "\"${PODS_ROOT}/Target Support Files/Pods-property-finder/Pods-property-finder-frameworks.sh\"\n";
			showEnvVarsInLog = 0;
		};
		A6D5C2BF192DE172303D5625 /* [CP] Check Pods Manifest.lock */ = {
			isa = PBXShellScriptBuildPhase;
			buildActionMask = 2147483647;
			files = (
			);
			inputFileListPaths = (
			);
			inputPaths = (
				"${PODS_PODFILE_DIR_PATH}/Podfile.lock",
				"${PODS_ROOT}/Manifest.lock",
			);
			name = "[CP] Check Pods Manifest.lock";
			outputFileListPaths = (
			);
			outputPaths = (
				"$(DERIVED_FILE_DIR)/Pods-property-finder-checkManifestLockResult.txt",
			);
			runOnlyForDeploymentPostprocessing = 0;
			shellPath = /bin/sh;
			shellScript = "diff \"${PODS_PODFILE_DIR_PATH}/Podfile.lock\" \"${PODS_ROOT}/Manifest.lock\" > /dev/null\nif [ $? != 0 ] ; then\n    # print error to STDERR\n    echo \"error: The sandbox is not in sync with the Podfile.lock. Run 'pod install' or update your CocoaPods installation.\" >&2\n    exit 1\nfi\n# This output is used by Xcode 'outputs' to avoid re-running this script phase.\necho \"SUCCESS\" > \"${SCRIPT_OUTPUT_FILE_0}\"\n";
			showEnvVarsInLog = 0;
		};
		C8C6E4DDB83C1565FBF6D192 /* [CP] Check Pods Manifest.lock */ = {
			isa = PBXShellScriptBuildPhase;
			buildActionMask = 2147483647;
			files = (
			);
			inputFileListPaths = (
			);
			inputPaths = (
				"${PODS_PODFILE_DIR_PATH}/Podfile.lock",
				"${PODS_ROOT}/Manifest.lock",
			);
			name = "[CP] Check Pods Manifest.lock";
			outputFileListPaths = (
			);
			outputPaths = (
				"$(DERIVED_FILE_DIR)/Pods-property-finderTests-checkManifestLockResult.txt",
			);
			runOnlyForDeploymentPostprocessing = 0;
			shellPath = /bin/sh;
			shellScript = "diff \"${PODS_PODFILE_DIR_PATH}/Podfile.lock\" \"${PODS_ROOT}/Manifest.lock\" > /dev/null\nif [ $? != 0 ] ; then\n    # print error to STDERR\n    echo \"error: The sandbox is not in sync with the Podfile.lock. Run 'pod install' or update your CocoaPods installation.\" >&2\n    exit 1\nfi\n# This output is used by Xcode 'outputs' to avoid re-running this script phase.\necho \"SUCCESS\" > \"${SCRIPT_OUTPUT_FILE_0}\"\n";
			showEnvVarsInLog = 0;
		};
/* End PBXShellScriptBuildPhase section */

/* Begin PBXSourcesBuildPhase section */
		F3EA45A02251E5250080438E /* Sources */ = {
			isa = PBXSourcesBuildPhase;
			buildActionMask = 2147483647;
			files = (
				F3EA45D022520D520080438E /* PropertySectionController.swift in Sources */,
				F3EA45CE225201450080438E /* Property.swift in Sources */,
				F3AEE1212252318A0050E441 /* SortViewController.swift in Sources */,
				F3EA45D422520FA90080438E /* SearchClient.swift in Sources */,
				F3EA45CC225201100080438E /* SearchResponse.swift in Sources */,
				F3EA45AA2251E5250080438E /* ViewController.swift in Sources */,
				F3EA45A82251E5250080438E /* AppDelegate.swift in Sources */,
				F3EA45D222520D940080438E /* PropertyCell.swift in Sources */,
				F3EA45CA2251F0870080438E /* APIClient.swift in Sources */,
			);
			runOnlyForDeploymentPostprocessing = 0;
		};
		F3EA45B42251E5270080438E /* Sources */ = {
			isa = PBXSourcesBuildPhase;
			buildActionMask = 2147483647;
			files = (
				F3EA45BD2251E5270080438E /* APIClientTests.swift in Sources */,
			);
			runOnlyForDeploymentPostprocessing = 0;
		};
/* End PBXSourcesBuildPhase section */

/* Begin PBXTargetDependency section */
		F3EA45BA2251E5270080438E /* PBXTargetDependency */ = {
			isa = PBXTargetDependency;
			target = F3EA45A32251E5250080438E /* property-finder */;
			targetProxy = F3EA45B92251E5270080438E /* PBXContainerItemProxy */;
		};
/* End PBXTargetDependency section */

/* Begin PBXVariantGroup section */
		F3EA45AB2251E5250080438E /* Main.storyboard */ = {
			isa = PBXVariantGroup;
			children = (
				F3EA45AC2251E5250080438E /* Base */,
			);
			name = Main.storyboard;
			sourceTree = "<group>";
		};
		F3EA45B02251E5270080438E /* LaunchScreen.storyboard */ = {
			isa = PBXVariantGroup;
			children = (
				F3EA45B12251E5270080438E /* Base */,
			);
			name = LaunchScreen.storyboard;
			sourceTree = "<group>";
		};
/* End PBXVariantGroup section */

/* Begin XCBuildConfiguration section */
		F3EA45BF2251E5270080438E /* Debug */ = {
			isa = XCBuildConfiguration;
			buildSettings = {
				ALWAYS_SEARCH_USER_PATHS = NO;
				CLANG_ANALYZER_NONNULL = YES;
				CLANG_ANALYZER_NUMBER_OBJECT_CONVERSION = YES_AGGRESSIVE;
				CLANG_CXX_LANGUAGE_STANDARD = "gnu++14";
				CLANG_CXX_LIBRARY = "libc++";
				CLANG_ENABLE_MODULES = YES;
				CLANG_ENABLE_OBJC_ARC = YES;
				CLANG_ENABLE_OBJC_WEAK = YES;
				CLANG_WARN_BLOCK_CAPTURE_AUTORELEASING = YES;
				CLANG_WARN_BOOL_CONVERSION = YES;
				CLANG_WARN_COMMA = YES;
				CLANG_WARN_CONSTANT_CONVERSION = YES;
				CLANG_WARN_DEPRECATED_OBJC_IMPLEMENTATIONS = YES;
				CLANG_WARN_DIRECT_OBJC_ISA_USAGE = YES_ERROR;
				CLANG_WARN_DOCUMENTATION_COMMENTS = YES;
				CLANG_WARN_EMPTY_BODY = YES;
				CLANG_WARN_ENUM_CONVERSION = YES;
				CLANG_WARN_INFINITE_RECURSION = YES;
				CLANG_WARN_INT_CONVERSION = YES;
				CLANG_WARN_NON_LITERAL_NULL_CONVERSION = YES;
				CLANG_WARN_OBJC_IMPLICIT_RETAIN_SELF = YES;
				CLANG_WARN_OBJC_LITERAL_CONVERSION = YES;
				CLANG_WARN_OBJC_ROOT_CLASS = YES_ERROR;
				CLANG_WARN_RANGE_LOOP_ANALYSIS = YES;
				CLANG_WARN_STRICT_PROTOTYPES = YES;
				CLANG_WARN_SUSPICIOUS_MOVE = YES;
				CLANG_WARN_UNGUARDED_AVAILABILITY = YES_AGGRESSIVE;
				CLANG_WARN_UNREACHABLE_CODE = YES;
				CLANG_WARN__DUPLICATE_METHOD_MATCH = YES;
				CODE_SIGN_IDENTITY = "iPhone Developer";
				COPY_PHASE_STRIP = NO;
				DEBUG_INFORMATION_FORMAT = dwarf;
				ENABLE_STRICT_OBJC_MSGSEND = YES;
				ENABLE_TESTABILITY = YES;
				GCC_C_LANGUAGE_STANDARD = gnu11;
				GCC_DYNAMIC_NO_PIC = NO;
				GCC_NO_COMMON_BLOCKS = YES;
				GCC_OPTIMIZATION_LEVEL = 0;
				GCC_PREPROCESSOR_DEFINITIONS = (
					"DEBUG=1",
					"$(inherited)",
				);
				GCC_WARN_64_TO_32_BIT_CONVERSION = YES;
				GCC_WARN_ABOUT_RETURN_TYPE = YES_ERROR;
				GCC_WARN_UNDECLARED_SELECTOR = YES;
				GCC_WARN_UNINITIALIZED_AUTOS = YES_AGGRESSIVE;
				GCC_WARN_UNUSED_FUNCTION = YES;
				GCC_WARN_UNUSED_VARIABLE = YES;
				IPHONEOS_DEPLOYMENT_TARGET = 12.2;
				MTL_ENABLE_DEBUG_INFO = INCLUDE_SOURCE;
				MTL_FAST_MATH = YES;
				ONLY_ACTIVE_ARCH = YES;
				SDKROOT = iphoneos;
				SWIFT_ACTIVE_COMPILATION_CONDITIONS = DEBUG;
				SWIFT_OPTIMIZATION_LEVEL = "-Onone";
			};
			name = Debug;
		};
		F3EA45C02251E5270080438E /* Release */ = {
			isa = XCBuildConfiguration;
			buildSettings = {
				ALWAYS_SEARCH_USER_PATHS = NO;
				CLANG_ANALYZER_NONNULL = YES;
				CLANG_ANALYZER_NUMBER_OBJECT_CONVERSION = YES_AGGRESSIVE;
				CLANG_CXX_LANGUAGE_STANDARD = "gnu++14";
				CLANG_CXX_LIBRARY = "libc++";
				CLANG_ENABLE_MODULES = YES;
				CLANG_ENABLE_OBJC_ARC = YES;
				CLANG_ENABLE_OBJC_WEAK = YES;
				CLANG_WARN_BLOCK_CAPTURE_AUTORELEASING = YES;
				CLANG_WARN_BOOL_CONVERSION = YES;
				CLANG_WARN_COMMA = YES;
				CLANG_WARN_CONSTANT_CONVERSION = YES;
				CLANG_WARN_DEPRECATED_OBJC_IMPLEMENTATIONS = YES;
				CLANG_WARN_DIRECT_OBJC_ISA_USAGE = YES_ERROR;
				CLANG_WARN_DOCUMENTATION_COMMENTS = YES;
				CLANG_WARN_EMPTY_BODY = YES;
				CLANG_WARN_ENUM_CONVERSION = YES;
				CLANG_WARN_INFINITE_RECURSION = YES;
				CLANG_WARN_INT_CONVERSION = YES;
				CLANG_WARN_NON_LITERAL_NULL_CONVERSION = YES;
				CLANG_WARN_OBJC_IMPLICIT_RETAIN_SELF = YES;
				CLANG_WARN_OBJC_LITERAL_CONVERSION = YES;
				CLANG_WARN_OBJC_ROOT_CLASS = YES_ERROR;
				CLANG_WARN_RANGE_LOOP_ANALYSIS = YES;
				CLANG_WARN_STRICT_PROTOTYPES = YES;
				CLANG_WARN_SUSPICIOUS_MOVE = YES;
				CLANG_WARN_UNGUARDED_AVAILABILITY = YES_AGGRESSIVE;
				CLANG_WARN_UNREACHABLE_CODE = YES;
				CLANG_WARN__DUPLICATE_METHOD_MATCH = YES;
				CODE_SIGN_IDENTITY = "iPhone Developer";
				COPY_PHASE_STRIP = NO;
				DEBUG_INFORMATION_FORMAT = "dwarf-with-dsym";
				ENABLE_NS_ASSERTIONS = NO;
				ENABLE_STRICT_OBJC_MSGSEND = YES;
				GCC_C_LANGUAGE_STANDARD = gnu11;
				GCC_NO_COMMON_BLOCKS = YES;
				GCC_WARN_64_TO_32_BIT_CONVERSION = YES;
				GCC_WARN_ABOUT_RETURN_TYPE = YES_ERROR;
				GCC_WARN_UNDECLARED_SELECTOR = YES;
				GCC_WARN_UNINITIALIZED_AUTOS = YES_AGGRESSIVE;
				GCC_WARN_UNUSED_FUNCTION = YES;
				GCC_WARN_UNUSED_VARIABLE = YES;
				IPHONEOS_DEPLOYMENT_TARGET = 12.2;
				MTL_ENABLE_DEBUG_INFO = NO;
				MTL_FAST_MATH = YES;
				SDKROOT = iphoneos;
				SWIFT_COMPILATION_MODE = wholemodule;
				SWIFT_OPTIMIZATION_LEVEL = "-O";
				VALIDATE_PRODUCT = YES;
			};
			name = Release;
		};
		F3EA45C22251E5270080438E /* Debug */ = {
			isa = XCBuildConfiguration;
			baseConfigurationReference = AFD6785669CC55A0E6439319 /* Pods-property-finder.debug.xcconfig */;
			buildSettings = {
				ASSETCATALOG_COMPILER_APPICON_NAME = AppIcon;
				CODE_SIGN_STYLE = Automatic;
				DEVELOPMENT_TEAM = MKDDG3L84Q;
				INFOPLIST_FILE = "property-finder/Info.plist";
				LD_RUNPATH_SEARCH_PATHS = (
					"$(inherited)",
					"@executable_path/Frameworks",
				);
				PRODUCT_BUNDLE_IDENTIFIER = "ae.propertyfinder.property-finder";
				PRODUCT_NAME = "$(TARGET_NAME)";
				SWIFT_VERSION = 5.0;
				TARGETED_DEVICE_FAMILY = "1,2";
			};
			name = Debug;
		};
		F3EA45C32251E5270080438E /* Release */ = {
			isa = XCBuildConfiguration;
			baseConfigurationReference = 1F8173C68531C2170AC89A27 /* Pods-property-finder.release.xcconfig */;
			buildSettings = {
				ASSETCATALOG_COMPILER_APPICON_NAME = AppIcon;
				CODE_SIGN_STYLE = Automatic;
				DEVELOPMENT_TEAM = MKDDG3L84Q;
				INFOPLIST_FILE = "property-finder/Info.plist";
				LD_RUNPATH_SEARCH_PATHS = (
					"$(inherited)",
					"@executable_path/Frameworks",
				);
				PRODUCT_BUNDLE_IDENTIFIER = "ae.propertyfinder.property-finder";
				PRODUCT_NAME = "$(TARGET_NAME)";
				SWIFT_VERSION = 5.0;
				TARGETED_DEVICE_FAMILY = "1,2";
			};
			name = Release;
		};
		F3EA45C52251E5270080438E /* Debug */ = {
			isa = XCBuildConfiguration;
			baseConfigurationReference = DE3FB6E840F77BE2C9DFD66E /* Pods-property-finderTests.debug.xcconfig */;
			buildSettings = {
				ALWAYS_EMBED_SWIFT_STANDARD_LIBRARIES = YES;
				BUNDLE_LOADER = "$(TEST_HOST)";
				CODE_SIGN_STYLE = Automatic;
				DEVELOPMENT_TEAM = MKDDG3L84Q;
				INFOPLIST_FILE = "property-finderTests/Info.plist";
				LD_RUNPATH_SEARCH_PATHS = (
					"$(inherited)",
					"@executable_path/Frameworks",
					"@loader_path/Frameworks",
				);
				PRODUCT_BUNDLE_IDENTIFIER = "ae.propertyfinder.property-finderTests";
				PRODUCT_NAME = "$(TARGET_NAME)";
				SWIFT_VERSION = 5.0;
				TARGETED_DEVICE_FAMILY = "1,2";
				TEST_HOST = "$(BUILT_PRODUCTS_DIR)/property-finder.app/property-finder";
			};
			name = Debug;
		};
		F3EA45C62251E5270080438E /* Release */ = {
			isa = XCBuildConfiguration;
			baseConfigurationReference = 004BA210583A80CDC2DCAAFF /* Pods-property-finderTests.release.xcconfig */;
			buildSettings = {
				ALWAYS_EMBED_SWIFT_STANDARD_LIBRARIES = YES;
				BUNDLE_LOADER = "$(TEST_HOST)";
				CODE_SIGN_STYLE = Automatic;
				DEVELOPMENT_TEAM = MKDDG3L84Q;
				INFOPLIST_FILE = "property-finderTests/Info.plist";
				LD_RUNPATH_SEARCH_PATHS = (
					"$(inherited)",
					"@executable_path/Frameworks",
					"@loader_path/Frameworks",
				);
				PRODUCT_BUNDLE_IDENTIFIER = "ae.propertyfinder.property-finderTests";
				PRODUCT_NAME = "$(TARGET_NAME)";
				SWIFT_VERSION = 5.0;
				TARGETED_DEVICE_FAMILY = "1,2";
				TEST_HOST = "$(BUILT_PRODUCTS_DIR)/property-finder.app/property-finder";
			};
			name = Release;
		};
/* End XCBuildConfiguration section */

/* Begin XCConfigurationList section */
		F3EA459F2251E5250080438E /* Build configuration list for PBXProject "property-finder" */ = {
			isa = XCConfigurationList;
			buildConfigurations = (
				F3EA45BF2251E5270080438E /* Debug */,
				F3EA45C02251E5270080438E /* Release */,
			);
			defaultConfigurationIsVisible = 0;
			defaultConfigurationName = Release;
		};
		F3EA45C12251E5270080438E /* Build configuration list for PBXNativeTarget "property-finder" */ = {
			isa = XCConfigurationList;
			buildConfigurations = (
				F3EA45C22251E5270080438E /* Debug */,
				F3EA45C32251E5270080438E /* Release */,
			);
			defaultConfigurationIsVisible = 0;
			defaultConfigurationName = Release;
		};
		F3EA45C42251E5270080438E /* Build configuration list for PBXNativeTarget "property-finderTests" */ = {
			isa = XCConfigurationList;
			buildConfigurations = (
				F3EA45C52251E5270080438E /* Debug */,
				F3EA45C62251E5270080438E /* Release */,
			);
			defaultConfigurationIsVisible = 0;
			defaultConfigurationName = Release;
		};
/* End XCConfigurationList section */
	};
	rootObject = F3EA459C2251E5250080438E /* Project object */;
}
